
Microsoft Visual Studio Solution File, Format Version 11.00
# Visual Studio 2010
Project("{FAE04EC0-301F-11D3-BF4B-00C04F79EFBC}") = "msbplaunch", "msbplaunch.csproj", "{BDBDF999-4D97-4E9D-9009-86E8A9BAB564}"
EndProject
Global
	GlobalSection(SolutionConfigurationPlatforms) = preSolution
		Debug|x86 = Debug|x86
		Release|x86 = Release|x86
	EndGlobalSection
	GlobalSection(ProjectConfigurationPlatforms) = postSolution
		{BDBDF999-4D97-4E9D-9009-86E8A9BAB564}.Debug|x86.ActiveCfg = Debug|x86
		{BDBDF999-4D97-4E9D-9009-86E8A9BAB564}.Debug|x86.Build.0 = Debug|x86
		{BDBDF999-4D97-4E9D-9009-86E8A9BAB564}.Release|x86.ActiveCfg = Release|x86
		{BDBDF999-4D97-4E9D-9009-86E8A9BAB564}.Release|x86.Build.0 = Release|x86
	EndGlobalSection
	GlobalSection(SolutionProperties) = preSolution
		HideSolutionNode = FALSE
	EndGlobalSection
EndGlobal
